
Microsoft Visual Studio Solution File, Format Version 12.00
# Visual Studio Version 17
VisualStudioVersion = 17.8.34525.116
MinimumVisualStudioVersion = 10.0.40219.1
Project("{2150E333-8FDC-42A3-9474-1A3956D46DE8}") = "src", "src", "{9CAD346B-B3FF-4707-8B67-93E8A1F6BAD3}"
EndProject
Project("{2150E333-8FDC-42A3-9474-1A3956D46DE8}") = "tests", "tests", "{798BFD79-39DC-458A-ABF7-6C11BD8A3650}"
EndProject
Project("{9A19103F-16F7-4668-BE54-9A1E7A4F7556}") = "AuctionRS.API", "src\AuctionRS.API\AuctionRS.API.csproj", "{0F058F9A-A4F7-406E-9F35-9FF1D1908D90}"
EndProject
Project("{FAE04EC0-301F-11D3-BF4B-00C04F79EFBC}") = "UseCases.Test", "tests\UseCases.Test\UseCases.Test.csproj", "{824EB08F-65B9-483B-A098-B9AA8162CB40}"
EndProject
Global
	GlobalSection(SolutionConfigurationPlatforms) = preSolution
		Debug|Any CPU = Debug|Any CPU
		Release|Any CPU = Release|Any CPU
	EndGlobalSection
	GlobalSection(ProjectConfigurationPlatforms) = postSolution
		{0F058F9A-A4F7-406E-9F35-9FF1D1908D90}.Debug|Any CPU.ActiveCfg = Debug|Any CPU
		{0F058F9A-A4F7-406E-9F35-9FF1D1908D90}.Debug|Any CPU.Build.0 = Debug|Any CPU
		{0F058F9A-A4F7-406E-9F35-9FF1D1908D90}.Release|Any CPU.ActiveCfg = Release|Any CPU
		{0F058F9A-A4F7-406E-9F35-9FF1D1908D90}.Release|Any CPU.Build.0 = Release|Any CPU
		{824EB08F-65B9-483B-A098-B9AA8162CB40}.Debug|Any CPU.ActiveCfg = Debug|Any CPU
		{824EB08F-65B9-483B-A098-B9AA8162CB40}.Debug|Any CPU.Build.0 = Debug|Any CPU
		{824EB08F-65B9-483B-A098-B9AA8162CB40}.Release|Any CPU.ActiveCfg = Release|Any CPU
		{824EB08F-65B9-483B-A098-B9AA8162CB40}.Release|Any CPU.Build.0 = Release|Any CPU
	EndGlobalSection
	GlobalSection(SolutionProperties) = preSolution
		HideSolutionNode = FALSE
	EndGlobalSection
	GlobalSection(NestedProjects) = preSolution
		{0F058F9A-A4F7-406E-9F35-9FF1D1908D90} = {9CAD346B-B3FF-4707-8B67-93E8A1F6BAD3}
		{824EB08F-65B9-483B-A098-B9AA8162CB40} = {798BFD79-39DC-458A-ABF7-6C11BD8A3650}
	EndGlobalSection
	GlobalSection(ExtensibilityGlobals) = postSolution
		SolutionGuid = {44AE70A0-5D5D-42AF-BDB2-E1541A07D8C6}
	EndGlobalSection
EndGlobal
